
Microsoft Visual Studio Solution File, Format Version 12.00
Project("{FAE04EC0-301F-11D3-BF4B-00C04F79EFBC}") = "Api", "Api\Api.csproj", "{C19BFE2E-C128-4EDD-B81F-F635C54B60D0}"
EndProject
Project("{2150E333-8FDC-42A3-9474-1A3956D46DE8}") = "src", "src", "{4C6F6D33-9E5F-4704-8B10-BB3DEE8BCB23}"
EndProject
Project("{FAE04EC0-301F-11D3-BF4B-00C04F79EFBC}") = "Core", "Core\Core.csproj", "{944C727C-9B99-4758-A701-95A1519EE667}"
EndProject
Project("{FAE04EC0-301F-11D3-BF4B-00C04F79EFBC}") = "Application", "Application\Application.csproj", "{54541A82-CD78-4262-9079-91B0A6F6FFD1}"
EndProject
Project("{FAE04EC0-301F-11D3-BF4B-00C04F79EFBC}") = "Persistence", "Persistence\Persistence.csproj", "{5FBF02DF-0416-407E-BD23-DB3A49409109}"
EndProject
Project("{2150E333-8FDC-42A3-9474-1A3956D46DE8}") = "NuGets", "NuGets", "{BE1F8B81-84A3-491E-BB6B-FE299D865029}"
EndProject
Project("{FAE04EC0-301F-11D3-BF4B-00C04F79EFBC}") = "PagesResponse", "PagesResponse\PagesResponse.csproj", "{DB371CA1-0AEE-42F3-82A9-17A8AD4E4340}"
EndProject
Global
	GlobalSection(SolutionConfigurationPlatforms) = preSolution
		Debug|Any CPU = Debug|Any CPU
		Release|Any CPU = Release|Any CPU
	EndGlobalSection
	GlobalSection(ProjectConfigurationPlatforms) = postSolution
		{C19BFE2E-C128-4EDD-B81F-F635C54B60D0}.Debug|Any CPU.ActiveCfg = Debug|Any CPU
		{C19BFE2E-C128-4EDD-B81F-F635C54B60D0}.Debug|Any CPU.Build.0 = Debug|Any CPU
		{C19BFE2E-C128-4EDD-B81F-F635C54B60D0}.Release|Any CPU.ActiveCfg = Release|Any CPU
		{C19BFE2E-C128-4EDD-B81F-F635C54B60D0}.Release|Any CPU.Build.0 = Release|Any CPU
		{944C727C-9B99-4758-A701-95A1519EE667}.Debug|Any CPU.ActiveCfg = Debug|Any CPU
		{944C727C-9B99-4758-A701-95A1519EE667}.Debug|Any CPU.Build.0 = Debug|Any CPU
		{944C727C-9B99-4758-A701-95A1519EE667}.Release|Any CPU.ActiveCfg = Release|Any CPU
		{944C727C-9B99-4758-A701-95A1519EE667}.Release|Any CPU.Build.0 = Release|Any CPU
		{54541A82-CD78-4262-9079-91B0A6F6FFD1}.Debug|Any CPU.ActiveCfg = Debug|Any CPU
		{54541A82-CD78-4262-9079-91B0A6F6FFD1}.Debug|Any CPU.Build.0 = Debug|Any CPU
		{54541A82-CD78-4262-9079-91B0A6F6FFD1}.Release|Any CPU.ActiveCfg = Release|Any CPU
		{54541A82-CD78-4262-9079-91B0A6F6FFD1}.Release|Any CPU.Build.0 = Release|Any CPU
		{5FBF02DF-0416-407E-BD23-DB3A49409109}.Debug|Any CPU.ActiveCfg = Debug|Any CPU
		{5FBF02DF-0416-407E-BD23-DB3A49409109}.Debug|Any CPU.Build.0 = Debug|Any CPU
		{5FBF02DF-0416-407E-BD23-DB3A49409109}.Release|Any CPU.ActiveCfg = Release|Any CPU
		{5FBF02DF-0416-407E-BD23-DB3A49409109}.Release|Any CPU.Build.0 = Release|Any CPU
		{DB371CA1-0AEE-42F3-82A9-17A8AD4E4340}.Debug|Any CPU.ActiveCfg = Debug|Any CPU
		{DB371CA1-0AEE-42F3-82A9-17A8AD4E4340}.Debug|Any CPU.Build.0 = Debug|Any CPU
		{DB371CA1-0AEE-42F3-82A9-17A8AD4E4340}.Release|Any CPU.ActiveCfg = Release|Any CPU
		{DB371CA1-0AEE-42F3-82A9-17A8AD4E4340}.Release|Any CPU.Build.0 = Release|Any CPU
	EndGlobalSection
	GlobalSection(NestedProjects) = preSolution
		{C19BFE2E-C128-4EDD-B81F-F635C54B60D0} = {4C6F6D33-9E5F-4704-8B10-BB3DEE8BCB23}
		{944C727C-9B99-4758-A701-95A1519EE667} = {4C6F6D33-9E5F-4704-8B10-BB3DEE8BCB23}
		{54541A82-CD78-4262-9079-91B0A6F6FFD1} = {4C6F6D33-9E5F-4704-8B10-BB3DEE8BCB23}
		{5FBF02DF-0416-407E-BD23-DB3A49409109} = {4C6F6D33-9E5F-4704-8B10-BB3DEE8BCB23}
		{DB371CA1-0AEE-42F3-82A9-17A8AD4E4340} = {BE1F8B81-84A3-491E-BB6B-FE299D865029}
	EndGlobalSection
EndGlobal
